
Microsoft Visual Studio Solution File, Format Version 12.00
# Visual Studio Version 17
VisualStudioVersion = 17.7.34024.191
MinimumVisualStudioVersion = 10.0.40219.1
Project("{FAE04EC0-301F-11D3-BF4B-00C04F79EFBC}") = "SerialsWatcher", "SerialsWatcher\SerialsWatcher.csproj", "{11FC4CB4-1C3A-4EEA-8519-0F6F444EE98E}"
EndProject
Global
	GlobalSection(SolutionConfigurationPlatforms) = preSolution
		Debug|Any CPU = Debug|Any CPU
		Release|Any CPU = Release|Any CPU
	EndGlobalSection
	GlobalSection(ProjectConfigurationPlatforms) = postSolution
		{11FC4CB4-1C3A-4EEA-8519-0F6F444EE98E}.Debug|Any CPU.ActiveCfg = Debug|Any CPU
		{11FC4CB4-1C3A-4EEA-8519-0F6F444EE98E}.Debug|Any CPU.Build.0 = Debug|Any CPU
		{11FC4CB4-1C3A-4EEA-8519-0F6F444EE98E}.Release|Any CPU.ActiveCfg = Release|Any CPU
		{11FC4CB4-1C3A-4EEA-8519-0F6F444EE98E}.Release|Any CPU.Build.0 = Release|Any CPU
	EndGlobalSection
	GlobalSection(SolutionProperties) = preSolution
		HideSolutionNode = FALSE
	EndGlobalSection
	GlobalSection(ExtensibilityGlobals) = postSolution
		SolutionGuid = {420BB38D-2601-434F-91BE-2F9C48525B88}
	EndGlobalSection
EndGlobal
